// !$*UTF8*$!
{
	archiveVersion = 1;
	classes = {
	};
	objectVersion = 48;
	objects = {

/* Begin PBXBuildFile section */
		511C239E1FB25218001FFFF6 /* SHKCircleWaveRainbowBlended.fsh in Resources */ = {isa = PBXBuildFile; fileRef = 511C23881FB25218001FFFF6 /* SHKCircleWaveRainbowBlended.fsh */; };
		511C239F1FB25218001FFFF6 /* SHKWater.fsh in Resources */ = {isa = PBXBuildFile; fileRef = 511C23891FB25218001FFFF6 /* SHKWater.fsh */; };
		511C23A01FB25218001FFFF6 /* SHKStaticGrayNoise.fsh in Resources */ = {isa = PBXBuildFile; fileRef = 511C238A1FB25218001FFFF6 /* SHKStaticGrayNoise.fsh */; };
		511C23A11FB25218001FFFF6 /* SHKCircleWave.fsh in Resources */ = {isa = PBXBuildFile; fileRef = 511C238B1FB25218001FFFF6 /* SHKCircleWave.fsh */; };
		511C23A21FB25218001FFFF6 /* SHKColorInvert.fsh in Resources */ = {isa = PBXBuildFile; fileRef = 511C238C1FB25218001FFFF6 /* SHKColorInvert.fsh */; };
		511C23A31FB25218001FFFF6 /* SHKEmbossColor.fsh in Resources */ = {isa = PBXBuildFile; fileRef = 511C238D1FB25218001FFFF6 /* SHKEmbossColor.fsh */; };
		511C23A41FB25218001FFFF6 /* SHKRadialGradient.fsh in Resources */ = {isa = PBXBuildFile; fileRef = 511C238E1FB25218001FFFF6 /* SHKRadialGradient.fsh */; };
		511C23A51FB25218001FFFF6 /* SHKLightGrid.fsh in Resources */ = {isa = PBXBuildFile; fileRef = 511C238F1FB25218001FFFF6 /* SHKLightGrid.fsh */; };
		511C23A61FB25218001FFFF6 /* SHKLinearGradient.fsh in Resources */ = {isa = PBXBuildFile; fileRef = 511C23901FB25218001FFFF6 /* SHKLinearGradient.fsh */; };
		511C23A71FB25218001FFFF6 /* SHKColorAlpha.fsh in Resources */ = {isa = PBXBuildFile; fileRef = 511C23911FB25218001FFFF6 /* SHKColorAlpha.fsh */; };
		511C23A81FB25218001FFFF6 /* SHKCircleWaveBlended.fsh in Resources */ = {isa = PBXBuildFile; fileRef = 511C23921FB25218001FFFF6 /* SHKCircleWaveBlended.fsh */; };
		511C23A91FB25218001FFFF6 /* SHKEmbossGray.fsh in Resources */ = {isa = PBXBuildFile; fileRef = 511C23931FB25218001FFFF6 /* SHKEmbossGray.fsh */; };
		511C23AA1FB25218001FFFF6 /* SHKInterlace.fsh in Resources */ = {isa = PBXBuildFile; fileRef = 511C23941FB25218001FFFF6 /* SHKInterlace.fsh */; };
		511C23AB1FB25218001FFFF6 /* SHKStaticRainbowNoise.fsh in Resources */ = {isa = PBXBuildFile; fileRef = 511C23951FB25218001FFFF6 /* SHKStaticRainbowNoise.fsh */; };
		511C23AC1FB25218001FFFF6 /* SHKPassthrough.fsh in Resources */ = {isa = PBXBuildFile; fileRef = 511C23961FB25218001FFFF6 /* SHKPassthrough.fsh */; };
		511C23AD1FB25218001FFFF6 /* SHKDynamicGrayNoise.fsh in Resources */ = {isa = PBXBuildFile; fileRef = 511C23971FB25218001FFFF6 /* SHKDynamicGrayNoise.fsh */; };
		511C23AE1FB25218001FFFF6 /* SHKCircleWaveRainbow.fsh in Resources */ = {isa = PBXBuildFile; fileRef = 511C23981FB25218001FFFF6 /* SHKCircleWaveRainbow.fsh */; };
		511C23AF1FB25218001FFFF6 /* SHKScreen.fsh in Resources */ = {isa = PBXBuildFile; fileRef = 511C23991FB25218001FFFF6 /* SHKScreen.fsh */; };
		511C23B01FB25218001FFFF6 /* SHKDynamicRainbowNoise.fsh in Resources */ = {isa = PBXBuildFile; fileRef = 511C239A1FB25218001FFFF6 /* SHKDynamicRainbowNoise.fsh */; };
		511C23B11FB25218001FFFF6 /* SHKDesaturate.fsh in Resources */ = {isa = PBXBuildFile; fileRef = 511C239B1FB25218001FFFF6 /* SHKDesaturate.fsh */; };
		511C23B21FB25218001FFFF6 /* SHKColorNonAlpha.fsh in Resources */ = {isa = PBXBuildFile; fileRef = 511C239C1FB25218001FFFF6 /* SHKColorNonAlpha.fsh */; };
		511C23B31FB25218001FFFF6 /* SHKCheckerboard.fsh in Resources */ = {isa = PBXBuildFile; fileRef = 511C239D1FB25218001FFFF6 /* SHKCheckerboard.fsh */; };
		511C23B51FB270C8001FFFF6 /* ShaderKitExtensions.swift in Sources */ = {isa = PBXBuildFile; fileRef = 511C23B41FB270C8001FFFF6 /* ShaderKitExtensions.swift */; };
		51F934001FB07002003858AA /* AppDelegate.swift in Sources */ = {isa = PBXBuildFile; fileRef = 51F933FF1FB07002003858AA /* AppDelegate.swift */; };
		51F934021FB07002003858AA /* GameScene.sks in Resources */ = {isa = PBXBuildFile; fileRef = 51F934011FB07002003858AA /* GameScene.sks */; };
		51F934061FB07002003858AA /* GameScene.swift in Sources */ = {isa = PBXBuildFile; fileRef = 51F934051FB07002003858AA /* GameScene.swift */; };
		51F934081FB07002003858AA /* GameViewController.swift in Sources */ = {isa = PBXBuildFile; fileRef = 51F934071FB07002003858AA /* GameViewController.swift */; };
		51F9340B1FB07002003858AA /* Main.storyboard in Resources */ = {isa = PBXBuildFile; fileRef = 51F934091FB07002003858AA /* Main.storyboard */; };
		51F9340D1FB07002003858AA /* Assets.xcassets in Resources */ = {isa = PBXBuildFile; fileRef = 51F9340C1FB07002003858AA /* Assets.xcassets */; };
		51F934101FB07002003858AA /* LaunchScreen.storyboard in Resources */ = {isa = PBXBuildFile; fileRef = 51F9340E1FB07002003858AA /* LaunchScreen.storyboard */; };
/* End PBXBuildFile section */

/* Begin PBXFileReference section */
		511C23881FB25218001FFFF6 /* SHKCircleWaveRainbowBlended.fsh */ = {isa = PBXFileReference; fileEncoding = 4; lastKnownFileType = sourcecode.glsl; path = SHKCircleWaveRainbowBlended.fsh; sourceTree = "<group>"; };
		511C23891FB25218001FFFF6 /* SHKWater.fsh */ = {isa = PBXFileReference; fileEncoding = 4; lastKnownFileType = sourcecode.glsl; path = SHKWater.fsh; sourceTree = "<group>"; };
		511C238A1FB25218001FFFF6 /* SHKStaticGrayNoise.fsh */ = {isa = PBXFileReference; fileEncoding = 4; lastKnownFileType = sourcecode.glsl; path = SHKStaticGrayNoise.fsh; sourceTree = "<group>"; };
		511C238B1FB25218001FFFF6 /* SHKCircleWave.fsh */ = {isa = PBXFileReference; fileEncoding = 4; lastKnownFileType = sourcecode.glsl; path = SHKCircleWave.fsh; sourceTree = "<group>"; };
		511C238C1FB25218001FFFF6 /* SHKColorInvert.fsh */ = {isa = PBXFileReference; fileEncoding = 4; lastKnownFileType = sourcecode.glsl; path = SHKColorInvert.fsh; sourceTree = "<group>"; };
		511C238D1FB25218001FFFF6 /* SHKEmbossColor.fsh */ = {isa = PBXFileReference; fileEncoding = 4; lastKnownFileType = sourcecode.glsl; path = SHKEmbossColor.fsh; sourceTree = "<group>"; };
		511C238E1FB25218001FFFF6 /* SHKRadialGradient.fsh */ = {isa = PBXFileReference; fileEncoding = 4; lastKnownFileType = sourcecode.glsl; path = SHKRadialGradient.fsh; sourceTree = "<group>"; };
		511C238F1FB25218001FFFF6 /* SHKLightGrid.fsh */ = {isa = PBXFileReference; fileEncoding = 4; lastKnownFileType = sourcecode.glsl; path = SHKLightGrid.fsh; sourceTree = "<group>"; };
		511C23901FB25218001FFFF6 /* SHKLinearGradient.fsh */ = {isa = PBXFileReference; fileEncoding = 4; lastKnownFileType = sourcecode.glsl; path = SHKLinearGradient.fsh; sourceTree = "<group>"; };
		511C23911FB25218001FFFF6 /* SHKColorAlpha.fsh */ = {isa = PBXFileReference; fileEncoding = 4; lastKnownFileType = sourcecode.glsl; path = SHKColorAlpha.fsh; sourceTree = "<group>"; };
		511C23921FB25218001FFFF6 /* SHKCircleWaveBlended.fsh */ = {isa = PBXFileReference; fileEncoding = 4; lastKnownFileType = sourcecode.glsl; path = SHKCircleWaveBlended.fsh; sourceTree = "<group>"; };
		511C23931FB25218001FFFF6 /* SHKEmbossGray.fsh */ = {isa = PBXFileReference; fileEncoding = 4; lastKnownFileType = sourcecode.glsl; path = SHKEmbossGray.fsh; sourceTree = "<group>"; };
		511C23941FB25218001FFFF6 /* SHKInterlace.fsh */ = {isa = PBXFileReference; fileEncoding = 4; lastKnownFileType = sourcecode.glsl; path = SHKInterlace.fsh; sourceTree = "<group>"; };
		511C23951FB25218001FFFF6 /* SHKStaticRainbowNoise.fsh */ = {isa = PBXFileReference; fileEncoding = 4; lastKnownFileType = sourcecode.glsl; path = SHKStaticRainbowNoise.fsh; sourceTree = "<group>"; };
		511C23961FB25218001FFFF6 /* SHKPassthrough.fsh */ = {isa = PBXFileReference; fileEncoding = 4; lastKnownFileType = sourcecode.glsl; path = SHKPassthrough.fsh; sourceTree = "<group>"; };
		511C23971FB25218001FFFF6 /* SHKDynamicGrayNoise.fsh */ = {isa = PBXFileReference; fileEncoding = 4; lastKnownFileType = sourcecode.glsl; path = SHKDynamicGrayNoise.fsh; sourceTree = "<group>"; };
		511C23981FB25218001FFFF6 /* SHKCircleWaveRainbow.fsh */ = {isa = PBXFileReference; fileEncoding = 4; lastKnownFileType = sourcecode.glsl; path = SHKCircleWaveRainbow.fsh; sourceTree = "<group>"; };
		511C23991FB25218001FFFF6 /* SHKScreen.fsh */ = {isa = PBXFileReference; fileEncoding = 4; lastKnownFileType = sourcecode.glsl; path = SHKScreen.fsh; sourceTree = "<group>"; };
		511C239A1FB25218001FFFF6 /* SHKDynamicRainbowNoise.fsh */ = {isa = PBXFileReference; fileEncoding = 4; lastKnownFileType = sourcecode.glsl; path = SHKDynamicRainbowNoise.fsh; sourceTree = "<group>"; };
		511C239B1FB25218001FFFF6 /* SHKDesaturate.fsh */ = {isa = PBXFileReference; fileEncoding = 4; lastKnownFileType = sourcecode.glsl; path = SHKDesaturate.fsh; sourceTree = "<group>"; };
		511C239C1FB25218001FFFF6 /* SHKColorNonAlpha.fsh */ = {isa = PBXFileReference; fileEncoding = 4; lastKnownFileType = sourcecode.glsl; path = SHKColorNonAlpha.fsh; sourceTree = "<group>"; };
		511C239D1FB25218001FFFF6 /* SHKCheckerboard.fsh */ = {isa = PBXFileReference; fileEncoding = 4; lastKnownFileType = sourcecode.glsl; path = SHKCheckerboard.fsh; sourceTree = "<group>"; };
		511C23B41FB270C8001FFFF6 /* ShaderKitExtensions.swift */ = {isa = PBXFileReference; fileEncoding = 4; lastKnownFileType = sourcecode.swift; name = ShaderKitExtensions.swift; path = ../../ShaderKitExtensions.swift; sourceTree = "<group>"; };
		51F933FC1FB07002003858AA /* ShaderKit.app */ = {isa = PBXFileReference; explicitFileType = wrapper.application; includeInIndex = 0; path = ShaderKit.app; sourceTree = BUILT_PRODUCTS_DIR; };
		51F933FF1FB07002003858AA /* AppDelegate.swift */ = {isa = PBXFileReference; lastKnownFileType = sourcecode.swift; path = AppDelegate.swift; sourceTree = "<group>"; };
		51F934011FB07002003858AA /* GameScene.sks */ = {isa = PBXFileReference; lastKnownFileType = file.sks; path = GameScene.sks; sourceTree = "<group>"; };
		51F934051FB07002003858AA /* GameScene.swift */ = {isa = PBXFileReference; lastKnownFileType = sourcecode.swift; path = GameScene.swift; sourceTree = "<group>"; };
		51F934071FB07002003858AA /* GameViewController.swift */ = {isa = PBXFileReference; lastKnownFileType = sourcecode.swift; path = GameViewController.swift; sourceTree = "<group>"; };
		51F9340A1FB07002003858AA /* Base */ = {isa = PBXFileReference; lastKnownFileType = file.storyboard; name = Base; path = Base.lproj/Main.storyboard; sourceTree = "<group>"; };
		51F9340C1FB07002003858AA /* Assets.xcassets */ = {isa = PBXFileReference; lastKnownFileType = folder.assetcatalog; path = Assets.xcassets; sourceTree = "<group>"; };
		51F9340F1FB07002003858AA /* Base */ = {isa = PBXFileReference; lastKnownFileType = file.storyboard; name = Base; path = Base.lproj/LaunchScreen.storyboard; sourceTree = "<group>"; };
		51F934111FB07002003858AA /* Info.plist */ = {isa = PBXFileReference; lastKnownFileType = text.plist.xml; path = Info.plist; sourceTree = "<group>"; };
/* End PBXFileReference section */

/* Begin PBXFrameworksBuildPhase section */
		51F933F91FB07002003858AA /* Frameworks */ = {
			isa = PBXFrameworksBuildPhase;
			buildActionMask = 2147483647;
			files = (
			);
			runOnlyForDeploymentPostprocessing = 0;
		};
/* End PBXFrameworksBuildPhase section */

/* Begin PBXGroup section */
		511C23871FB25218001FFFF6 /* Shaders */ = {
			isa = PBXGroup;
			children = (
				511C239D1FB25218001FFFF6 /* SHKCheckerboard.fsh */,
				511C238B1FB25218001FFFF6 /* SHKCircleWave.fsh */,
				511C23921FB25218001FFFF6 /* SHKCircleWaveBlended.fsh */,
				511C23981FB25218001FFFF6 /* SHKCircleWaveRainbow.fsh */,
				511C23881FB25218001FFFF6 /* SHKCircleWaveRainbowBlended.fsh */,
				511C23911FB25218001FFFF6 /* SHKColorAlpha.fsh */,
				511C238C1FB25218001FFFF6 /* SHKColorInvert.fsh */,
				511C239C1FB25218001FFFF6 /* SHKColorNonAlpha.fsh */,
				511C239B1FB25218001FFFF6 /* SHKDesaturate.fsh */,
				511C23971FB25218001FFFF6 /* SHKDynamicGrayNoise.fsh */,
				511C239A1FB25218001FFFF6 /* SHKDynamicRainbowNoise.fsh */,
				511C238D1FB25218001FFFF6 /* SHKEmbossColor.fsh */,
				511C23931FB25218001FFFF6 /* SHKEmbossGray.fsh */,
				511C23941FB25218001FFFF6 /* SHKInterlace.fsh */,
				511C238F1FB25218001FFFF6 /* SHKLightGrid.fsh */,
				511C23901FB25218001FFFF6 /* SHKLinearGradient.fsh */,
				511C23961FB25218001FFFF6 /* SHKPassthrough.fsh */,
				511C238E1FB25218001FFFF6 /* SHKRadialGradient.fsh */,
				511C23991FB25218001FFFF6 /* SHKScreen.fsh */,
				511C238A1FB25218001FFFF6 /* SHKStaticGrayNoise.fsh */,
				511C23951FB25218001FFFF6 /* SHKStaticRainbowNoise.fsh */,
				511C23891FB25218001FFFF6 /* SHKWater.fsh */,
			);
			name = Shaders;
			path = ../../Shaders;
			sourceTree = "<group>";
		};
		51F933F31FB07001003858AA = {
			isa = PBXGroup;
			children = (
				51F933FE1FB07002003858AA /* ShaderKit */,
				51F933FD1FB07002003858AA /* Products */,
			);
			sourceTree = "<group>";
		};
		51F933FD1FB07002003858AA /* Products */ = {
			isa = PBXGroup;
			children = (
				51F933FC1FB07002003858AA /* ShaderKit.app */,
			);
			name = Products;
			sourceTree = "<group>";
		};
		51F933FE1FB07002003858AA /* ShaderKit */ = {
			isa = PBXGroup;
			children = (
				51F933FF1FB07002003858AA /* AppDelegate.swift */,
				51F934011FB07002003858AA /* GameScene.sks */,
				51F934071FB07002003858AA /* GameViewController.swift */,
				51F934051FB07002003858AA /* GameScene.swift */,
				511C23B41FB270C8001FFFF6 /* ShaderKitExtensions.swift */,
				51F934091FB07002003858AA /* Main.storyboard */,
				51F9340C1FB07002003858AA /* Assets.xcassets */,
				51F9340E1FB07002003858AA /* LaunchScreen.storyboard */,
				51F934111FB07002003858AA /* Info.plist */,
				511C23871FB25218001FFFF6 /* Shaders */,
			);
			path = ShaderKit;
			sourceTree = "<group>";
		};
/* End PBXGroup section */

/* Begin PBXNativeTarget section */
		51F933FB1FB07002003858AA /* ShaderKit */ = {
			isa = PBXNativeTarget;
			buildConfigurationList = 51F934141FB07002003858AA /* Build configuration list for PBXNativeTarget "ShaderKit" */;
			buildPhases = (
				51F933F81FB07002003858AA /* Sources */,
				51F933F91FB07002003858AA /* Frameworks */,
				51F933FA1FB07002003858AA /* Resources */,
			);
			buildRules = (
			);
			dependencies = (
			);
			name = ShaderKit;
			productName = ShaderKit;
			productReference = 51F933FC1FB07002003858AA /* ShaderKit.app */;
			productType = "com.apple.product-type.application";
		};
/* End PBXNativeTarget section */

/* Begin PBXProject section */
		51F933F41FB07002003858AA /* Project object */ = {
			isa = PBXProject;
			attributes = {
				LastSwiftUpdateCheck = 0910;
				LastUpgradeCheck = 0910;
				ORGANIZATIONNAME = "Paul Hudson";
				TargetAttributes = {
					51F933FB1FB07002003858AA = {
						CreatedOnToolsVersion = 9.1;
						ProvisioningStyle = Automatic;
					};
				};
			};
			buildConfigurationList = 51F933F71FB07002003858AA /* Build configuration list for PBXProject "ShaderKit" */;
			compatibilityVersion = "Xcode 8.0";
			developmentRegion = en;
			hasScannedForEncodings = 0;
			knownRegions = (
				en,
				Base,
			);
			mainGroup = 51F933F31FB07001003858AA;
			productRefGroup = 51F933FD1FB07002003858AA /* Products */;
			projectDirPath = "";
			projectRoot = "";
			targets = (
				51F933FB1FB07002003858AA /* ShaderKit */,
			);
		};
/* End PBXProject section */

/* Begin PBXResourcesBuildPhase section */
		51F933FA1FB07002003858AA /* Resources */ = {
			isa = PBXResourcesBuildPhase;
			buildActionMask = 2147483647;
			files = (
				511C239E1FB25218001FFFF6 /* SHKCircleWaveRainbowBlended.fsh in Resources */,
				511C23A71FB25218001FFFF6 /* SHKColorAlpha.fsh in Resources */,
				511C23AD1FB25218001FFFF6 /* SHKDynamicGrayNoise.fsh in Resources */,
				511C23AB1FB25218001FFFF6 /* SHKStaticRainbowNoise.fsh in Resources */,
				511C23A91FB25218001FFFF6 /* SHKEmbossGray.fsh in Resources */,
				51F9340B1FB07002003858AA /* Main.storyboard in Resources */,
				511C23A21FB25218001FFFF6 /* SHKColorInvert.fsh in Resources */,
				511C23A51FB25218001FFFF6 /* SHKLightGrid.fsh in Resources */,
				511C23B11FB25218001FFFF6 /* SHKDesaturate.fsh in Resources */,
				511C23A31FB25218001FFFF6 /* SHKEmbossColor.fsh in Resources */,
				511C23AE1FB25218001FFFF6 /* SHKCircleWaveRainbow.fsh in Resources */,
				51F934021FB07002003858AA /* GameScene.sks in Resources */,
				511C23A11FB25218001FFFF6 /* SHKCircleWave.fsh in Resources */,
				511C23AC1FB25218001FFFF6 /* SHKPassthrough.fsh in Resources */,
				511C23A81FB25218001FFFF6 /* SHKCircleWaveBlended.fsh in Resources */,
				511C23A61FB25218001FFFF6 /* SHKLinearGradient.fsh in Resources */,
				511C23A41FB25218001FFFF6 /* SHKRadialGradient.fsh in Resources */,
				511C23A01FB25218001FFFF6 /* SHKStaticGrayNoise.fsh in Resources */,
				511C23AA1FB25218001FFFF6 /* SHKInterlace.fsh in Resources */,
				511C23AF1FB25218001FFFF6 /* SHKScreen.fsh in Resources */,
				511C23B21FB25218001FFFF6 /* SHKColorNonAlpha.fsh in Resources */,
				511C23B01FB25218001FFFF6 /* SHKDynamicRainbowNoise.fsh in Resources */,
				51F9340D1FB07002003858AA /* Assets.xcassets in Resources */,
				511C23B31FB25218001FFFF6 /* SHKCheckerboard.fsh in Resources */,
				511C239F1FB25218001FFFF6 /* SHKWater.fsh in Resources */,
				51F934101FB07002003858AA /* LaunchScreen.storyboard in Resources */,
			);
			runOnlyForDeploymentPostprocessing = 0;
		};
/* End PBXResourcesBuildPhase section */

/* Begin PBXSourcesBuildPhase section */
		51F933F81FB07002003858AA /* Sources */ = {
			isa = PBXSourcesBuildPhase;
			buildActionMask = 2147483647;
			files = (
				51F934061FB07002003858AA /* GameScene.swift in Sources */,
				51F934081FB07002003858AA /* GameViewController.swift in Sources */,
				51F934001FB07002003858AA /* AppDelegate.swift in Sources */,
				511C23B51FB270C8001FFFF6 /* ShaderKitExtensions.swift in Sources */,
			);
			runOnlyForDeploymentPostprocessing = 0;
		};
/* End PBXSourcesBuildPhase section */

/* Begin PBXVariantGroup section */
		51F934091FB07002003858AA /* Main.storyboard */ = {
			isa = PBXVariantGroup;
			children = (
				51F9340A1FB07002003858AA /* Base */,
			);
			name = Main.storyboard;
			sourceTree = "<group>";
		};
		51F9340E1FB07002003858AA /* LaunchScreen.storyboard */ = {
			isa = PBXVariantGroup;
			children = (
				51F9340F1FB07002003858AA /* Base */,
			);
			name = LaunchScreen.storyboard;
			sourceTree = "<group>";
		};
/* End PBXVariantGroup section */

/* Begin XCBuildConfiguration section */
		51F934121FB07002003858AA /* Debug */ = {
			isa = XCBuildConfiguration;
			buildSettings = {
				ALWAYS_SEARCH_USER_PATHS = NO;
				CLANG_ANALYZER_NONNULL = YES;
				CLANG_ANALYZER_NUMBER_OBJECT_CONVERSION = YES_AGGRESSIVE;
				CLANG_CXX_LANGUAGE_STANDARD = "gnu++14";
				CLANG_CXX_LIBRARY = "libc++";
				CLANG_ENABLE_MODULES = YES;
				CLANG_ENABLE_OBJC_ARC = YES;
				CLANG_WARN_BLOCK_CAPTURE_AUTORELEASING = YES;
				CLANG_WARN_BOOL_CONVERSION = YES;
				CLANG_WARN_COMMA = YES;
				CLANG_WARN_CONSTANT_CONVERSION = YES;
				CLANG_WARN_DIRECT_OBJC_ISA_USAGE = YES_ERROR;
				CLANG_WARN_DOCUMENTATION_COMMENTS = YES;
				CLANG_WARN_EMPTY_BODY = YES;
				CLANG_WARN_ENUM_CONVERSION = YES;
				CLANG_WARN_INFINITE_RECURSION = YES;
				CLANG_WARN_INT_CONVERSION = YES;
				CLANG_WARN_NON_LITERAL_NULL_CONVERSION = YES;
				CLANG_WARN_OBJC_LITERAL_CONVERSION = YES;
				CLANG_WARN_OBJC_ROOT_CLASS = YES_ERROR;
				CLANG_WARN_RANGE_LOOP_ANALYSIS = YES;
				CLANG_WARN_STRICT_PROTOTYPES = YES;
				CLANG_WARN_SUSPICIOUS_MOVE = YES;
				CLANG_WARN_UNGUARDED_AVAILABILITY = YES_AGGRESSIVE;
				CLANG_WARN_UNREACHABLE_CODE = YES;
				CLANG_WARN__DUPLICATE_METHOD_MATCH = YES;
				CODE_SIGN_IDENTITY = "iPhone Developer";
				COPY_PHASE_STRIP = NO;
				DEBUG_INFORMATION_FORMAT = dwarf;
				ENABLE_STRICT_OBJC_MSGSEND = YES;
				ENABLE_TESTABILITY = YES;
				GCC_C_LANGUAGE_STANDARD = gnu11;
				GCC_DYNAMIC_NO_PIC = NO;
				GCC_NO_COMMON_BLOCKS = YES;
				GCC_OPTIMIZATION_LEVEL = 0;
				GCC_PREPROCESSOR_DEFINITIONS = (
					"DEBUG=1",
					"$(inherited)",
				);
				GCC_WARN_64_TO_32_BIT_CONVERSION = YES;
				GCC_WARN_ABOUT_RETURN_TYPE = YES_ERROR;
				GCC_WARN_UNDECLARED_SELECTOR = YES;
				GCC_WARN_UNINITIALIZED_AUTOS = YES_AGGRESSIVE;
				GCC_WARN_UNUSED_FUNCTION = YES;
				GCC_WARN_UNUSED_VARIABLE = YES;
				IPHONEOS_DEPLOYMENT_TARGET = 11.0;
				MTL_ENABLE_DEBUG_INFO = YES;
				ONLY_ACTIVE_ARCH = YES;
				SDKROOT = iphoneos;
				SWIFT_ACTIVE_COMPILATION_CONDITIONS = DEBUG;
				SWIFT_OPTIMIZATION_LEVEL = "-Onone";
			};
			name = Debug;
		};
		51F934131FB07002003858AA /* Release */ = {
			isa = XCBuildConfiguration;
			buildSettings = {
				ALWAYS_SEARCH_USER_PATHS = NO;
				CLANG_ANALYZER_NONNULL = YES;
				CLANG_ANALYZER_NUMBER_OBJECT_CONVERSION = YES_AGGRESSIVE;
				CLANG_CXX_LANGUAGE_STANDARD = "gnu++14";
				CLANG_CXX_LIBRARY = "libc++";
				CLANG_ENABLE_MODULES = YES;
				CLANG_ENABLE_OBJC_ARC = YES;
				CLANG_WARN_BLOCK_CAPTURE_AUTORELEASING = YES;
				CLANG_WARN_BOOL_CONVERSION = YES;
				CLANG_WARN_COMMA = YES;
				CLANG_WARN_CONSTANT_CONVERSION = YES;
				CLANG_WARN_DIRECT_OBJC_ISA_USAGE = YES_ERROR;
				CLANG_WARN_DOCUMENTATION_COMMENTS = YES;
				CLANG_WARN_EMPTY_BODY = YES;
				CLANG_WARN_ENUM_CONVERSION = YES;
				CLANG_WARN_INFINITE_RECURSION = YES;
				CLANG_WARN_INT_CONVERSION = YES;
				CLANG_WARN_NON_LITERAL_NULL_CONVERSION = YES;
				CLANG_WARN_OBJC_LITERAL_CONVERSION = YES;
				CLANG_WARN_OBJC_ROOT_CLASS = YES_ERROR;
				CLANG_WARN_RANGE_LOOP_ANALYSIS = YES;
				CLANG_WARN_STRICT_PROTOTYPES = YES;
				CLANG_WARN_SUSPICIOUS_MOVE = YES;
				CLANG_WARN_UNGUARDED_AVAILABILITY = YES_AGGRESSIVE;
				CLANG_WARN_UNREACHABLE_CODE = YES;
				CLANG_WARN__DUPLICATE_METHOD_MATCH = YES;
				CODE_SIGN_IDENTITY = "iPhone Developer";
				COPY_PHASE_STRIP = NO;
				DEBUG_INFORMATION_FORMAT = "dwarf-with-dsym";
				ENABLE_NS_ASSERTIONS = NO;
				ENABLE_STRICT_OBJC_MSGSEND = YES;
				GCC_C_LANGUAGE_STANDARD = gnu11;
				GCC_NO_COMMON_BLOCKS = YES;
				GCC_WARN_64_TO_32_BIT_CONVERSION = YES;
				GCC_WARN_ABOUT_RETURN_TYPE = YES_ERROR;
				GCC_WARN_UNDECLARED_SELECTOR = YES;
				GCC_WARN_UNINITIALIZED_AUTOS = YES_AGGRESSIVE;
				GCC_WARN_UNUSED_FUNCTION = YES;
				GCC_WARN_UNUSED_VARIABLE = YES;
				IPHONEOS_DEPLOYMENT_TARGET = 11.0;
				MTL_ENABLE_DEBUG_INFO = NO;
				SDKROOT = iphoneos;
				SWIFT_OPTIMIZATION_LEVEL = "-Owholemodule";
				VALIDATE_PRODUCT = YES;
			};
			name = Release;
		};
		51F934151FB07002003858AA /* Debug */ = {
			isa = XCBuildConfiguration;
			buildSettings = {
				ASSETCATALOG_COMPILER_APPICON_NAME = AppIcon;
				CODE_SIGN_STYLE = Automatic;
				DEVELOPMENT_TEAM = B5C26XE59E;
				INFOPLIST_FILE = ShaderKit/Info.plist;
				LD_RUNPATH_SEARCH_PATHS = "$(inherited) @executable_path/Frameworks";
				PRODUCT_BUNDLE_IDENTIFIER = com.hackingwithswift.ShaderKit;
				PRODUCT_NAME = "$(TARGET_NAME)";
				SWIFT_VERSION = 4.0;
				TARGETED_DEVICE_FAMILY = "1,2";
			};
			name = Debug;
		};
		51F934161FB07002003858AA /* Release */ = {
			isa = XCBuildConfiguration;
			buildSettings = {
				ASSETCATALOG_COMPILER_APPICON_NAME = AppIcon;
				CODE_SIGN_STYLE = Automatic;
				DEVELOPMENT_TEAM = B5C26XE59E;
				INFOPLIST_FILE = ShaderKit/Info.plist;
				LD_RUNPATH_SEARCH_PATHS = "$(inherited) @executable_path/Frameworks";
				PRODUCT_BUNDLE_IDENTIFIER = com.hackingwithswift.ShaderKit;
				PRODUCT_NAME = "$(TARGET_NAME)";
				SWIFT_VERSION = 4.0;
				TARGETED_DEVICE_FAMILY = "1,2";
			};
			name = Release;
		};
/* End XCBuildConfiguration section */

/* Begin XCConfigurationList section */
		51F933F71FB07002003858AA /* Build configuration list for PBXProject "ShaderKit" */ = {
			isa = XCConfigurationList;
			buildConfigurations = (
				51F934121FB07002003858AA /* Debug */,
				51F934131FB07002003858AA /* Release */,
			);
			defaultConfigurationIsVisible = 0;
			defaultConfigurationName = Release;
		};
		51F934141FB07002003858AA /* Build configuration list for PBXNativeTarget "ShaderKit" */ = {
			isa = XCConfigurationList;
			buildConfigurations = (
				51F934151FB07002003858AA /* Debug */,
				51F934161FB07002003858AA /* Release */,
			);
			defaultConfigurationIsVisible = 0;
			defaultConfigurationName = Release;
		};
/* End XCConfigurationList section */
	};
	rootObject = 51F933F41FB07002003858AA /* Project object */;
}
